
Microsoft Visual Studio Solution File, Format Version 12.00
# Visual Studio Version 16
VisualStudioVersion = 16.0.30804.86
MinimumVisualStudioVersion = 10.0.40219.1
Project("{FAE04EC0-301F-11D3-BF4B-00C04F79EFBC}") = "VendingMachineApp", "VendingMachineApp\VendingMachineApp.csproj", "{913245DC-9184-4B3B-A81F-FF7207BCD9CC}"
EndProject
Project("{FAE04EC0-301F-11D3-BF4B-00C04F79EFBC}") = "VendingMachineTest", "VendingMachineTest\VendingMachineTest.csproj", "{8C5D3F80-AFA0-43D0-B3D6-0B1F39AE50D1}"
EndProject
Global
	GlobalSection(SolutionConfigurationPlatforms) = preSolution
		Debug|Any CPU = Debug|Any CPU
		Release|Any CPU = Release|Any CPU
	EndGlobalSection
	GlobalSection(ProjectConfigurationPlatforms) = postSolution
		{913245DC-9184-4B3B-A81F-FF7207BCD9CC}.Debug|Any CPU.ActiveCfg = Debug|Any CPU
		{913245DC-9184-4B3B-A81F-FF7207BCD9CC}.Debug|Any CPU.Build.0 = Debug|Any CPU
		{913245DC-9184-4B3B-A81F-FF7207BCD9CC}.Release|Any CPU.ActiveCfg = Release|Any CPU
		{913245DC-9184-4B3B-A81F-FF7207BCD9CC}.Release|Any CPU.Build.0 = Release|Any CPU
		{8C5D3F80-AFA0-43D0-B3D6-0B1F39AE50D1}.Debug|Any CPU.ActiveCfg = Debug|Any CPU
		{8C5D3F80-AFA0-43D0-B3D6-0B1F39AE50D1}.Debug|Any CPU.Build.0 = Debug|Any CPU
		{8C5D3F80-AFA0-43D0-B3D6-0B1F39AE50D1}.Release|Any CPU.ActiveCfg = Release|Any CPU
		{8C5D3F80-AFA0-43D0-B3D6-0B1F39AE50D1}.Release|Any CPU.Build.0 = Release|Any CPU
	EndGlobalSection
	GlobalSection(SolutionProperties) = preSolution
		HideSolutionNode = FALSE
	EndGlobalSection
	GlobalSection(ExtensibilityGlobals) = postSolution
		SolutionGuid = {D7A5753A-25AD-46D9-A93E-20E47ACE1884}
	EndGlobalSection
EndGlobal
